
Microsoft Visual Studio Solution File, Format Version 12.00
# Visual Studio Version 16
VisualStudioVersion = 16.0.31205.134
MinimumVisualStudioVersion = 10.0.40219.1
Project("{8BC9CEB8-8B4A-11D0-8D11-00A0C91BC942}") = "test_7_2", "test_7_2\test_7_2.vcxproj", "{1B179B42-3974-4D24-B3B7-29D021C3F0A4}"
EndProject
Global
	GlobalSection(SolutionConfigurationPlatforms) = preSolution
		Debug|x64 = Debug|x64
		Debug|x86 = Debug|x86
		Release|x64 = Release|x64
		Release|x86 = Release|x86
	EndGlobalSection
	GlobalSection(ProjectConfigurationPlatforms) = postSolution
		{1B179B42-3974-4D24-B3B7-29D021C3F0A4}.Debug|x64.ActiveCfg = Debug|x64
		{1B179B42-3974-4D24-B3B7-29D021C3F0A4}.Debug|x64.Build.0 = Debug|x64
		{1B179B42-3974-4D24-B3B7-29D021C3F0A4}.Debug|x86.ActiveCfg = Debug|Win32
		{1B179B42-3974-4D24-B3B7-29D021C3F0A4}.Debug|x86.Build.0 = Debug|Win32
		{1B179B42-3974-4D24-B3B7-29D021C3F0A4}.Release|x64.ActiveCfg = Release|x64
		{1B179B42-3974-4D24-B3B7-29D021C3F0A4}.Release|x64.Build.0 = Release|x64
		{1B179B42-3974-4D24-B3B7-29D021C3F0A4}.Release|x86.ActiveCfg = Release|Win32
		{1B179B42-3974-4D24-B3B7-29D021C3F0A4}.Release|x86.Build.0 = Release|Win32
	EndGlobalSection
	GlobalSection(SolutionProperties) = preSolution
		HideSolutionNode = FALSE
	EndGlobalSection
	GlobalSection(ExtensibilityGlobals) = postSolution
		SolutionGuid = {04EF8A14-FA7B-4122-8B58-9F34380DC074}
	EndGlobalSection
EndGlobal
