
Microsoft Visual Studio Solution File, Format Version 12.00
# Visual Studio Version 16
VisualStudioVersion = 16.0.31205.134
MinimumVisualStudioVersion = 10.0.40219.1
Project("{8BC9CEB8-8B4A-11D0-8D11-00A0C91BC942}") = "test_6_12", "test_6_12\test_6_12.vcxproj", "{A64DEBDF-894D-44F4-A315-2859FC76BE5E}"
EndProject
Global
	GlobalSection(SolutionConfigurationPlatforms) = preSolution
		Debug|x64 = Debug|x64
		Debug|x86 = Debug|x86
		Release|x64 = Release|x64
		Release|x86 = Release|x86
	EndGlobalSection
	GlobalSection(ProjectConfigurationPlatforms) = postSolution
		{A64DEBDF-894D-44F4-A315-2859FC76BE5E}.Debug|x64.ActiveCfg = Debug|x64
		{A64DEBDF-894D-44F4-A315-2859FC76BE5E}.Debug|x64.Build.0 = Debug|x64
		{A64DEBDF-894D-44F4-A315-2859FC76BE5E}.Debug|x86.ActiveCfg = Debug|Win32
		{A64DEBDF-894D-44F4-A315-2859FC76BE5E}.Debug|x86.Build.0 = Debug|Win32
		{A64DEBDF-894D-44F4-A315-2859FC76BE5E}.Release|x64.ActiveCfg = Release|x64
		{A64DEBDF-894D-44F4-A315-2859FC76BE5E}.Release|x64.Build.0 = Release|x64
		{A64DEBDF-894D-44F4-A315-2859FC76BE5E}.Release|x86.ActiveCfg = Release|Win32
		{A64DEBDF-894D-44F4-A315-2859FC76BE5E}.Release|x86.Build.0 = Release|Win32
	EndGlobalSection
	GlobalSection(SolutionProperties) = preSolution
		HideSolutionNode = FALSE
	EndGlobalSection
	GlobalSection(ExtensibilityGlobals) = postSolution
		SolutionGuid = {7B479C56-F6B4-45A6-B1E5-1BB8F077EFFC}
	EndGlobalSection
EndGlobal
